
Microsoft Visual Studio Solution File, Format Version 12.00
Project("{FAE04EC0-301F-11D3-BF4B-00C04F79EFBC}") = "ChessGPT", "ChessGPT\ChessGPT.csproj", "{6C5C7369-4966-47FE-BC1E-4586BA925A91}"
EndProject
Global
	GlobalSection(SolutionConfigurationPlatforms) = preSolution
		Debug|Any CPU = Debug|Any CPU
		Release|Any CPU = Release|Any CPU
	EndGlobalSection
	GlobalSection(ProjectConfigurationPlatforms) = postSolution
		{6C5C7369-4966-47FE-BC1E-4586BA925A91}.Debug|Any CPU.ActiveCfg = Debug|Any CPU
		{6C5C7369-4966-47FE-BC1E-4586BA925A91}.Debug|Any CPU.Build.0 = Debug|Any CPU
		{6C5C7369-4966-47FE-BC1E-4586BA925A91}.Release|Any CPU.ActiveCfg = Release|Any CPU
		{6C5C7369-4966-47FE-BC1E-4586BA925A91}.Release|Any CPU.Build.0 = Release|Any CPU
	EndGlobalSection
EndGlobal
